{
  "nodes": {
    "flakeNimbleLib": {
      "inputs": {
        "nixpkgs": [
          "nixpkgs"
        ]
      },
      "locked": {
        "lastModified": 1662018438,
        "narHash": "sha256-QtNtU6+LX3Wokxf0zlFwKTFOcn6TeDjKQZ+DA9OYtvM=",
        "owner": "riinr",
        "repo": "nim-flakes-lib",
        "rev": "b1fe8340736e3a85d25c709ac3dfd82a55c03cbf",
        "type": "github"
      },
      "original": {
        "owner": "riinr",
        "ref": "master",
        "repo": "nim-flakes-lib",
        "type": "github"
      }
    },
    "fontconfig-master": {
      "inputs": {
        "flakeNimbleLib": [
          "flakeNimbleLib"
        ],
        "nixpkgs": [
          "nixpkgs"
        ],
        "src-fontconfig-master": "src-fontconfig-master"
      },
      "locked": {
        "dir": "master",
        "lastModified": 1662254472,
        "narHash": "sha256-hpVueSvu22g0pKEVO33s8gMIv1yXwVQBdF52QXAUFCA=",
        "owner": "nim-nix-pkgs",
        "repo": "fontconfig",
        "rev": "ecea85810e32bd283a933831b6fcb132e80ffc92",
        "type": "github"
      },
      "original": {
        "dir": "master",
        "owner": "nim-nix-pkgs",
        "ref": "master",
        "repo": "fontconfig",
        "type": "github"
      }
    },
    "nixpkgs": {
      "locked": {
        "lastModified": 1667110639,
        "narHash": "sha256-4FbPESZ5LbqQxkJJJBAfk/zKgF9h/4kyUwjjpJwYlbc=",
        "owner": "NixOS",
        "repo": "nixpkgs",
        "rev": "f38a1f04d1bec1feb61fd101a0539ae2002a7087",
        "type": "github"
      },
      "original": {
        "id": "nixpkgs",
        "type": "indirect"
      }
    },
    "root": {
      "inputs": {
        "flakeNimbleLib": "flakeNimbleLib",
        "fontconfig-master": "fontconfig-master",
        "nixpkgs": "nixpkgs"
      }
    },
    "src-fontconfig-master": {
      "flake": false,
      "locked": {
        "lastModified": 1490636887,
        "narHash": "sha256-rVHuWJ7LkctCVphYMpizjR8XQpAmBpX+NCPK15jyrPs=",
        "owner": "Parashurama",
        "repo": "fontconfig",
        "rev": "9382f81571f7d8016bf7d871361563981efa7c69",
        "type": "github"
      },
      "original": {
        "owner": "Parashurama",
        "ref": "refs/heads/master",
        "repo": "fontconfig",
        "type": "github"
      }
    }
  },
  "root": "root",
  "version": 7
}
