{
  "nodes": {
    "flakeNimbleLib": {
      "inputs": {
        "nixpkgs": [
          "nixpkgs"
        ]
      },
      "locked": {
        "lastModified": 1662018438,
        "narHash": "sha256-QtNtU6+LX3Wokxf0zlFwKTFOcn6TeDjKQZ+DA9OYtvM=",
        "owner": "riinr",
        "repo": "nim-flakes-lib",
        "rev": "b1fe8340736e3a85d25c709ac3dfd82a55c03cbf",
        "type": "github"
      },
      "original": {
        "owner": "riinr",
        "ref": "master",
        "repo": "nim-flakes-lib",
        "type": "github"
      }
    },
    "fontconfig-master": {
      "inputs": {
        "flakeNimbleLib": [
          "flakeNimbleLib"
        ],
        "nixpkgs": [
          "nixpkgs"
        ],
        "src-fontconfig-master": "src-fontconfig-master"
      },
      "locked": {
        "dir": "master",
        "lastModified": 1667322280,
        "narHash": "sha256-9PNOBF6F5n6OOsiDyuJ3YtIgRTaSS7GofJ1fhW9bBjE=",
        "owner": "nim-nix-pkgs",
        "repo": "fontconfig",
        "rev": "252b2718a0e1aa186b66231a42dcd73145ae066b",
        "type": "github"
      },
      "original": {
        "dir": "master",
        "owner": "nim-nix-pkgs",
        "ref": "master",
        "repo": "fontconfig",
        "type": "github"
      }
    },
    "nixpkgs": {
      "locked": {
        "lastModified": 1667199707,
        "narHash": "sha256-I2Js3Y7gUyVSEXPULHlBoRek4Lh85vnevdS6mdvDNLI=",
        "owner": "NixOS",
        "repo": "nixpkgs",
        "rev": "ced197be72099edcfa68ebed8b87af7b04851f45",
        "type": "github"
      },
      "original": {
        "id": "nixpkgs",
        "type": "indirect"
      }
    },
    "root": {
      "inputs": {
        "flakeNimbleLib": "flakeNimbleLib",
        "fontconfig-master": "fontconfig-master",
        "nixpkgs": "nixpkgs"
      }
    },
    "src-fontconfig-master": {
      "flake": false,
      "locked": {
        "lastModified": 1490636887,
        "narHash": "sha256-rVHuWJ7LkctCVphYMpizjR8XQpAmBpX+NCPK15jyrPs=",
        "owner": "Parashurama",
        "repo": "fontconfig",
        "rev": "9382f81571f7d8016bf7d871361563981efa7c69",
        "type": "github"
      },
      "original": {
        "owner": "Parashurama",
        "ref": "refs/heads/master",
        "repo": "fontconfig",
        "type": "github"
      }
    }
  },
  "root": "root",
  "version": 7
}
